
Microsoft Visual Studio Solution File, Format Version 12.00
# Visual Studio Version 16
VisualStudioVersion = 16.0.33927.289
MinimumVisualStudioVersion = 10.0.40219.1
Project("{FAE04EC0-301F-11D3-BF4B-00C04F79EFBC}") = "Practica3EDD2", "Practica3EDD2\Practica3EDD2.csproj", "{436063B2-60F0-454D-8648-18012C03128B}"
EndProject
Global
	GlobalSection(SolutionConfigurationPlatforms) = preSolution
		Debug|Any CPU = Debug|Any CPU
		Release|Any CPU = Release|Any CPU
	EndGlobalSection
	GlobalSection(ProjectConfigurationPlatforms) = postSolution
		{436063B2-60F0-454D-8648-18012C03128B}.Debug|Any CPU.ActiveCfg = Debug|Any CPU
		{436063B2-60F0-454D-8648-18012C03128B}.Debug|Any CPU.Build.0 = Debug|Any CPU
		{436063B2-60F0-454D-8648-18012C03128B}.Release|Any CPU.ActiveCfg = Release|Any CPU
		{436063B2-60F0-454D-8648-18012C03128B}.Release|Any CPU.Build.0 = Release|Any CPU
	EndGlobalSection
	GlobalSection(SolutionProperties) = preSolution
		HideSolutionNode = FALSE
	EndGlobalSection
	GlobalSection(ExtensibilityGlobals) = postSolution
		SolutionGuid = {DEEEB95D-B41B-4C3B-B2C9-E1956E6311A4}
	EndGlobalSection
EndGlobal
